
Microsoft Visual Studio Solution File, Format Version 12.00
# Visual Studio Version 17
VisualStudioVersion = 17.4.33110.190
MinimumVisualStudioVersion = 10.0.40219.1
Project("{8BC9CEB8-8B4A-11D0-8D11-00A0C91BC942}") = "DisableActionRestrictions", "DisableActionRestrictions\DisableActionRestrictions.vcxproj", "{DEA22D0A-9A60-4E48-A630-FC68A56CD2F7}"
EndProject
Project("{8BC9CEB8-8B4A-11D0-8D11-00A0C91BC942}") = "DisableSharpenFilter", "DisableSharpenFilter\DisableSharpenFilter.vcxproj", "{0A3FEC90-24F1-4D3E-A8BC-956055AB6C0F}"
EndProject
Project("{8BC9CEB8-8B4A-11D0-8D11-00A0C91BC942}") = "CameraOffset", "CameraOffset\CameraOffset.vcxproj", "{43D76723-0228-4CF3-B53A-5FB3DC519AF0}"
EndProject
Global
	GlobalSection(SolutionConfigurationPlatforms) = preSolution
		Debug|x64 = Debug|x64
		Debug|x86 = Debug|x86
		Release|x64 = Release|x64
		Release|x86 = Release|x86
	EndGlobalSection
	GlobalSection(ProjectConfigurationPlatforms) = postSolution
		{DEA22D0A-9A60-4E48-A630-FC68A56CD2F7}.Debug|x64.ActiveCfg = Debug|x64
		{DEA22D0A-9A60-4E48-A630-FC68A56CD2F7}.Debug|x64.Build.0 = Debug|x64
		{DEA22D0A-9A60-4E48-A630-FC68A56CD2F7}.Debug|x86.ActiveCfg = Debug|Win32
		{DEA22D0A-9A60-4E48-A630-FC68A56CD2F7}.Debug|x86.Build.0 = Debug|Win32
		{DEA22D0A-9A60-4E48-A630-FC68A56CD2F7}.Release|x64.ActiveCfg = Release|x64
		{DEA22D0A-9A60-4E48-A630-FC68A56CD2F7}.Release|x64.Build.0 = Release|x64
		{DEA22D0A-9A60-4E48-A630-FC68A56CD2F7}.Release|x86.ActiveCfg = Release|Win32
		{DEA22D0A-9A60-4E48-A630-FC68A56CD2F7}.Release|x86.Build.0 = Release|Win32
		{0A3FEC90-24F1-4D3E-A8BC-956055AB6C0F}.Debug|x64.ActiveCfg = Debug|x64
		{0A3FEC90-24F1-4D3E-A8BC-956055AB6C0F}.Debug|x64.Build.0 = Debug|x64
		{0A3FEC90-24F1-4D3E-A8BC-956055AB6C0F}.Debug|x86.ActiveCfg = Debug|Win32
		{0A3FEC90-24F1-4D3E-A8BC-956055AB6C0F}.Debug|x86.Build.0 = Debug|Win32
		{0A3FEC90-24F1-4D3E-A8BC-956055AB6C0F}.Release|x64.ActiveCfg = Release|x64
		{0A3FEC90-24F1-4D3E-A8BC-956055AB6C0F}.Release|x64.Build.0 = Release|x64
		{0A3FEC90-24F1-4D3E-A8BC-956055AB6C0F}.Release|x86.ActiveCfg = Release|Win32
		{0A3FEC90-24F1-4D3E-A8BC-956055AB6C0F}.Release|x86.Build.0 = Release|Win32
		{43D76723-0228-4CF3-B53A-5FB3DC519AF0}.Debug|x64.ActiveCfg = Debug|x64
		{43D76723-0228-4CF3-B53A-5FB3DC519AF0}.Debug|x64.Build.0 = Debug|x64
		{43D76723-0228-4CF3-B53A-5FB3DC519AF0}.Debug|x86.ActiveCfg = Debug|Win32
		{43D76723-0228-4CF3-B53A-5FB3DC519AF0}.Debug|x86.Build.0 = Debug|Win32
		{43D76723-0228-4CF3-B53A-5FB3DC519AF0}.Release|x64.ActiveCfg = Release|x64
		{43D76723-0228-4CF3-B53A-5FB3DC519AF0}.Release|x64.Build.0 = Release|x64
		{43D76723-0228-4CF3-B53A-5FB3DC519AF0}.Release|x86.ActiveCfg = Release|Win32
		{43D76723-0228-4CF3-B53A-5FB3DC519AF0}.Release|x86.Build.0 = Release|Win32
	EndGlobalSection
	GlobalSection(SolutionProperties) = preSolution
		HideSolutionNode = FALSE
	EndGlobalSection
	GlobalSection(ExtensibilityGlobals) = postSolution
		SolutionGuid = {A97D9146-3329-466F-AA02-D48EA95986BD}
	EndGlobalSection
EndGlobal
